
Microsoft Visual Studio Solution File, Format Version 12.00
# Visual Studio Version 17
VisualStudioVersion = 17.12.35527.113 d17.12
MinimumVisualStudioVersion = 10.0.40219.1
Project("{FAE04EC0-301F-11D3-BF4B-00C04F79EFBC}") = "Presentation", "Presentation\Presentation.csproj", "{8D74B577-F70B-41DE-B35F-BCFC9DCEE0E5}"
EndProject
Project("{FAE04EC0-301F-11D3-BF4B-00C04F79EFBC}") = "Business", "Business\Business.csproj", "{F187A525-4BB3-4FB8-A1BF-C45A8A667D84}"
EndProject
Project("{FAE04EC0-301F-11D3-BF4B-00C04F79EFBC}") = "Data", "Data\Data.csproj", "{C9A624E0-8F91-43F5-9F74-889B34318672}"
EndProject
Global
	GlobalSection(SolutionConfigurationPlatforms) = preSolution
		Debug|Any CPU = Debug|Any CPU
		Release|Any CPU = Release|Any CPU
	EndGlobalSection
	GlobalSection(ProjectConfigurationPlatforms) = postSolution
		{8D74B577-F70B-41DE-B35F-BCFC9DCEE0E5}.Debug|Any CPU.ActiveCfg = Debug|Any CPU
		{8D74B577-F70B-41DE-B35F-BCFC9DCEE0E5}.Debug|Any CPU.Build.0 = Debug|Any CPU
		{8D74B577-F70B-41DE-B35F-BCFC9DCEE0E5}.Release|Any CPU.ActiveCfg = Release|Any CPU
		{8D74B577-F70B-41DE-B35F-BCFC9DCEE0E5}.Release|Any CPU.Build.0 = Release|Any CPU
		{F187A525-4BB3-4FB8-A1BF-C45A8A667D84}.Debug|Any CPU.ActiveCfg = Debug|Any CPU
		{F187A525-4BB3-4FB8-A1BF-C45A8A667D84}.Debug|Any CPU.Build.0 = Debug|Any CPU
		{F187A525-4BB3-4FB8-A1BF-C45A8A667D84}.Release|Any CPU.ActiveCfg = Release|Any CPU
		{F187A525-4BB3-4FB8-A1BF-C45A8A667D84}.Release|Any CPU.Build.0 = Release|Any CPU
		{C9A624E0-8F91-43F5-9F74-889B34318672}.Debug|Any CPU.ActiveCfg = Debug|Any CPU
		{C9A624E0-8F91-43F5-9F74-889B34318672}.Debug|Any CPU.Build.0 = Debug|Any CPU
		{C9A624E0-8F91-43F5-9F74-889B34318672}.Release|Any CPU.ActiveCfg = Release|Any CPU
		{C9A624E0-8F91-43F5-9F74-889B34318672}.Release|Any CPU.Build.0 = Release|Any CPU
	EndGlobalSection
	GlobalSection(SolutionProperties) = preSolution
		HideSolutionNode = FALSE
	EndGlobalSection
EndGlobal
